{
  "name": "rimdev",
  "version": "2.0.0",
  "lockfileVersion": 1,
  "dependencies": {
    "@angular/common": {
      "version": "4.1.0",
      "resolved": "https://www.myget.org/F/imtprivate/auth/5d156710-9acc-4d51-9c6c-4ddcf578fc39/npm/@angular/common/-/@angular/common-4.1.0.tgz",
      "integrity": "sha1-Q3D1aeUd3ZmWO39KpYwaXcxf6lI="
    },
    "@angular/compiler": {
      "version": "4.1.0",
      "resolved": "https://www.myget.org/F/imtprivate/auth/5d156710-9acc-4d51-9c6c-4ddcf578fc39/npm/@angular/compiler/-/@angular/compiler-4.1.0.tgz",
      "integrity": "sha1-vhreW2rsgfA8KdUry5WSWiiQDcs="
    },
    "@angular/core": {
      "version": "4.1.0",
      "resolved": "https://www.myget.org/F/imtprivate/auth/5d156710-9acc-4d51-9c6c-4ddcf578fc39/npm/@angular/core/-/@angular/core-4.1.0.tgz",
      "integrity": "sha1-cuwXMxaHlXGIDJxIPtbfwMqrlLA="
    },
    "@angular/forms": {
      "version": "4.1.0",
      "resolved": "https://www.myget.org/F/imtprivate/auth/5d156710-9acc-4d51-9c6c-4ddcf578fc39/npm/@angular/forms/-/@angular/forms-4.1.0.tgz",
      "integrity": "sha1-jq4qRcS6Bks3f5KA5ZwBK12sa4A="
    },
    "@angular/http": {
      "version": "4.1.0",
      "resolved": "https://www.myget.org/F/imtprivate/auth/5d156710-9acc-4d51-9c6c-4ddcf578fc39/npm/@angular/http/-/@angular/http-4.1.0.tgz",
      "integrity": "sha1-e6DE0ETe6WQCG3zxnLFGosMVd6U="
    },
    "@angular/platform-browser": {
      "version": "4.1.0",
      "resolved": "https://www.myget.org/F/imtprivate/auth/5d156710-9acc-4d51-9c6c-4ddcf578fc39/npm/@angular/platform-browser/-/@angular/platform-browser-4.1.0.tgz",
      "integrity": "sha1-uYE4a+Gjbyr38GeUR/2XtyZ7Jd4="
    },
    "@angular/platform-browser-dynamic": {
      "version": "4.1.0",
      "resolved": "https://www.myget.org/F/imtprivate/auth/5d156710-9acc-4d51-9c6c-4ddcf578fc39/npm/@angular/platform-browser-dynamic/-/@angular/platform-browser-dynamic-4.1.0.tgz",
      "integrity": "sha1-AlDYLUq9Nr5guzH8dEisbigDZpA="
    },
    "@angular/router": {
      "version": "4.1.0",
      "resolved": "https://www.myget.org/F/imtprivate/auth/5d156710-9acc-4d51-9c6c-4ddcf578fc39/npm/@angular/router/-/@angular/router-4.1.0.tgz",
      "integrity": "sha1-3TVjZi+Vyjqj3Z/xPG7UvqHZCwY="
    },
    "content-search-component": {
      "version": "1.0.0",
      "resolved": "https://www.myget.org/F/imtprivate/auth/5d156710-9acc-4d51-9c6c-4ddcf578fc39/npm/content-search-component/-/content-search-component-1.0.0.tgz",
      "integrity": "sha1-uJ982T3jcDgQ1VVzUhVVxuJZUjY="
    },
    "core-js": {
      "version": "2.4.1",
      "resolved": "https://www.myget.org/F/imtprivate/auth/5d156710-9acc-4d51-9c6c-4ddcf578fc39/npm/core-js/-/core-js-2.4.1.tgz",
      "integrity": "sha1-TekR5mew6ukSTjQlS1OupvxhjT4="
    },
    "lodash.uniq": {
      "version": "4.5.0",
      "resolved": "https://www.myget.org/F/imtprivate/auth/5d156710-9acc-4d51-9c6c-4ddcf578fc39/npm/lodash.uniq/-/lodash.uniq-4.5.0.tgz",
      "integrity": "sha1-0CJTc662Uq3BvILklFM5qEJ1R3M="
    },
    "ng2-cookies": {
      "version": "1.0.12",
      "resolved": "https://www.myget.org/F/imtprivate/auth/5d156710-9acc-4d51-9c6c-4ddcf578fc39/npm/ng2-cookies/-/ng2-cookies-1.0.12.tgz",
      "integrity": "sha1-Pz5hPgE3sGSbcFxngHS0vQgUnMw="
    },
    "rxjs": {
      "version": "5.4.0",
      "resolved": "https://www.myget.org/F/imtprivate/auth/5d156710-9acc-4d51-9c6c-4ddcf578fc39/npm/rxjs/-/rxjs-5.4.0.tgz",
      "integrity": "sha1-p9sUqxV/nXqsalbmVeejhg05vyY="
    },
    "symbol-observable": {
      "version": "1.0.4",
      "resolved": "https://www.myget.org/F/imtprivate/auth/5d156710-9acc-4d51-9c6c-4ddcf578fc39/npm/symbol-observable/-/symbol-observable-1.0.4.tgz",
      "integrity": "sha1-Kb9hXUqnEhvdiYsi1LP5vE4qoD0="
    },
    "ts-helpers": {
      "version": "1.1.2",
      "resolved": "https://www.myget.org/F/imtprivate/auth/5d156710-9acc-4d51-9c6c-4ddcf578fc39/npm/ts-helpers/-/ts-helpers-1.1.2.tgz",
      "integrity": "sha1-/Gm+nx87rtAfsaDvjUz+dIgU2DU="
    },
    "uuid": {
      "version": "3.0.1",
      "resolved": "https://www.myget.org/F/imtprivate/auth/5d156710-9acc-4d51-9c6c-4ddcf578fc39/npm/uuid/-/uuid-3.0.1.tgz",
      "integrity": "sha1-ZUS7ot/ajBzxfmKaOjBeK7H+5sE="
    },
    "zone.js": {
      "version": "0.8.11",
      "resolved": "https://www.myget.org/F/imtprivate/auth/5d156710-9acc-4d51-9c6c-4ddcf578fc39/npm/zone.js/-/zone.js-0.8.11.tgz",
      "integrity": "sha1-dCvvsX+8SaVxcSuMfYfljKJv2IY="
    }
  }
}
